// !$*UTF8*$!
{
	archiveVersion = 1;
	classes = {
	};
	objectVersion = 77;
	objects = {

/* Begin PBXBuildFile section */
		74327856567AA52B112088A8 /* FinalCutLiveWorkflowExtension.swift in Sources */ = {isa = PBXBuildFile; fileRef = D081BFA21625579CB9C60DFE /* FinalCutLiveWorkflowExtension.swift */; };
		9410B675BCED714A2321C31B /* FinalCutWorkflowExtensionShim.swift in Sources */ = {isa = PBXBuildFile; fileRef = 6E4250CBFD8C7C89905AAD02 /* FinalCutWorkflowExtensionShim.swift */; };
		959F4ABF3F755362DC97914E /* FramekitFinalCutWorkflowExtension.appex in Embed Foundation Extensions */ = {isa = PBXBuildFile; fileRef = 91FDA432029452C54820DC4A /* FramekitFinalCutWorkflowExtension.appex */; settings = {ATTRIBUTES = (RemoveHeadersOnCopy, ); }; };
		967AA2589577CD9C54E1286F /* ProExtensionHostShim in Resources */ = {isa = PBXBuildFile; fileRef = 87408435A95B2B78C0B93AEB /* ProExtensionHostShim */; };
		9750AE8F0BDBCDF6369BDDC6 /* ContainerApp.swift in Sources */ = {isa = PBXBuildFile; fileRef = 9D5D76FC20B99D7DFD11E038 /* ContainerApp.swift */; };
		A900CB64642E66AF43B85269 /* FinalCutLiveWorkflowExtension.swift in Sources */ = {isa = PBXBuildFile; fileRef = D081BFA21625579CB9C60DFE /* FinalCutLiveWorkflowExtension.swift */; };
/* End PBXBuildFile section */

/* Begin PBXContainerItemProxy section */
		10A3060F392255ADB105ADF7 /* PBXContainerItemProxy */ = {
			isa = PBXContainerItemProxy;
			containerPortal = ECAC6C945D08514F07A1AA4E /* Project object */;
			proxyType = 1;
			remoteGlobalIDString = 9347A1BD2241A989B370925C;
			remoteInfo = FramekitFinalCutWorkflowExtension;
		};
/* End PBXContainerItemProxy section */

/* Begin PBXCopyFilesBuildPhase section */
		B25ECBEB3016087E515F41AF /* Embed Foundation Extensions */ = {
			isa = PBXCopyFilesBuildPhase;
			buildActionMask = 2147483647;
			dstPath = "";
			dstSubfolderSpec = 13;
			files = (
				959F4ABF3F755362DC97914E /* FramekitFinalCutWorkflowExtension.appex in Embed Foundation Extensions */,
			);
			name = "Embed Foundation Extensions";
			runOnlyForDeploymentPostprocessing = 0;
		};
/* End PBXCopyFilesBuildPhase section */

/* Begin PBXFileReference section */
		6E4250CBFD8C7C89905AAD02 /* FinalCutWorkflowExtensionShim.swift */ = {isa = PBXFileReference; lastKnownFileType = sourcecode.swift; name = FinalCutWorkflowExtensionShim.swift; path = ../../../../.github/codeql/FinalCutWorkflowExtensionShim.swift; sourceTree = "<group>"; };
		87408435A95B2B78C0B93AEB /* ProExtensionHostShim */ = {isa = PBXFileReference; lastKnownFileType = folder; path = ProExtensionHostShim; sourceTree = SOURCE_ROOT; };
		89096F1D7FF9A4C5C99ADF1A /* libFramekitFinalCutWorkflowCodeQL.a */ = {isa = PBXFileReference; explicitFileType = archive.ar; includeInIndex = 0; path = libFramekitFinalCutWorkflowCodeQL.a; sourceTree = BUILT_PRODUCTS_DIR; };
		91FDA432029452C54820DC4A /* FramekitFinalCutWorkflowExtension.appex */ = {isa = PBXFileReference; explicitFileType = "wrapper.app-extension"; includeInIndex = 0; path = FramekitFinalCutWorkflowExtension.appex; sourceTree = BUILT_PRODUCTS_DIR; };
		9D5D76FC20B99D7DFD11E038 /* ContainerApp.swift */ = {isa = PBXFileReference; lastKnownFileType = sourcecode.swift; path = ContainerApp.swift; sourceTree = "<group>"; };
		A595801334F4A1EA633030FE /* Container.entitlements */ = {isa = PBXFileReference; lastKnownFileType = text.plist.entitlements; path = Container.entitlements; sourceTree = "<group>"; };
		B1DA645FD0776278AB18AC36 /* Info.plist */ = {isa = PBXFileReference; lastKnownFileType = text.plist; path = Info.plist; sourceTree = "<group>"; };
		D081BFA21625579CB9C60DFE /* FinalCutLiveWorkflowExtension.swift */ = {isa = PBXFileReference; lastKnownFileType = sourcecode.swift; path = FinalCutLiveWorkflowExtension.swift; sourceTree = "<group>"; };
		FF570581D4C70712EB7E8E92 /* FramekitFinalCutWorkflow.app */ = {isa = PBXFileReference; explicitFileType = wrapper.application; includeInIndex = 0; path = FramekitFinalCutWorkflow.app; sourceTree = BUILT_PRODUCTS_DIR; };
/* End PBXFileReference section */

/* Begin PBXGroup section */
		96469447ECB6C7E676232D6E /* CodeQL */ = {
			isa = PBXGroup;
			children = (
				6E4250CBFD8C7C89905AAD02 /* FinalCutWorkflowExtensionShim.swift */,
			);
			name = CodeQL;
			sourceTree = "<group>";
		};
		98A2EF9B044A107A1E4F4EB0 /* Container */ = {
			isa = PBXGroup;
			children = (
				A595801334F4A1EA633030FE /* Container.entitlements */,
				9D5D76FC20B99D7DFD11E038 /* ContainerApp.swift */,
				B1DA645FD0776278AB18AC36 /* Info.plist */,
			);
			path = Container;
			sourceTree = "<group>";
		};
		9A63C43CDB19090C15C26D12 = {
			isa = PBXGroup;
			children = (
				D081BFA21625579CB9C60DFE /* FinalCutLiveWorkflowExtension.swift */,
				87408435A95B2B78C0B93AEB /* ProExtensionHostShim */,
				96469447ECB6C7E676232D6E /* CodeQL */,
				98A2EF9B044A107A1E4F4EB0 /* Container */,
				A783034CED75DF1DC8E44236 /* Products */,
			);
			sourceTree = "<group>";
		};
		A783034CED75DF1DC8E44236 /* Products */ = {
			isa = PBXGroup;
			children = (
				FF570581D4C70712EB7E8E92 /* FramekitFinalCutWorkflow.app */,
				91FDA432029452C54820DC4A /* FramekitFinalCutWorkflowExtension.appex */,
				89096F1D7FF9A4C5C99ADF1A /* libFramekitFinalCutWorkflowCodeQL.a */,
			);
			name = Products;
			sourceTree = "<group>";
		};
/* End PBXGroup section */

/* Begin PBXNativeTarget section */
		9347A1BD2241A989B370925C /* FramekitFinalCutWorkflowExtension */ = {
			isa = PBXNativeTarget;
			buildConfigurationList = F3D64E08B3D56C3FC0D9AD97 /* Build configuration list for PBXNativeTarget "FramekitFinalCutWorkflowExtension" */;
			buildPhases = (
				340313BEA662DD3B49D14560 /* Sources */,
				05C61EA9EB35C53A63EC334E /* Resources */,
			);
			buildRules = (
			);
			dependencies = (
			);
			name = FramekitFinalCutWorkflowExtension;
			packageProductDependencies = (
			);
			productName = FramekitFinalCutWorkflowExtension;
			productReference = 91FDA432029452C54820DC4A /* FramekitFinalCutWorkflowExtension.appex */;
			productType = "com.apple.product-type.app-extension";
		};
		B675F2D0DCAE33158CB27C19 /* FramekitFinalCutWorkflowCodeQL */ = {
			isa = PBXNativeTarget;
			buildConfigurationList = 73FB79082B0A5F8A7714EAEF /* Build configuration list for PBXNativeTarget "FramekitFinalCutWorkflowCodeQL" */;
			buildPhases = (
				6AFF190AEC0437374FF42810 /* Sources */,
			);
			buildRules = (
			);
			dependencies = (
			);
			name = FramekitFinalCutWorkflowCodeQL;
			packageProductDependencies = (
			);
			productName = FramekitFinalCutWorkflowCodeQL;
			productReference = 89096F1D7FF9A4C5C99ADF1A /* libFramekitFinalCutWorkflowCodeQL.a */;
			productType = "com.apple.product-type.library.static";
		};
		D2F21955D0D11BB79EDBAF29 /* FramekitFinalCutWorkflow */ = {
			isa = PBXNativeTarget;
			buildConfigurationList = 09A59B84B9BA624A20C0773D /* Build configuration list for PBXNativeTarget "FramekitFinalCutWorkflow" */;
			buildPhases = (
				02C6555121E8FB895960CA1A /* Sources */,
				B25ECBEB3016087E515F41AF /* Embed Foundation Extensions */,
			);
			buildRules = (
			);
			dependencies = (
				EDDB181ADDEED5D38421D26B /* PBXTargetDependency */,
			);
			name = FramekitFinalCutWorkflow;
			packageProductDependencies = (
			);
			productName = FramekitFinalCutWorkflow;
			productReference = FF570581D4C70712EB7E8E92 /* FramekitFinalCutWorkflow.app */;
			productType = "com.apple.product-type.application";
		};
/* End PBXNativeTarget section */

/* Begin PBXProject section */
		ECAC6C945D08514F07A1AA4E /* Project object */ = {
			isa = PBXProject;
			attributes = {
				BuildIndependentTargetsInParallel = YES;
				LastUpgradeCheck = 1430;
				TargetAttributes = {
				};
			};
			buildConfigurationList = 607D2D400BED4E2A4680DE68 /* Build configuration list for PBXProject "FramekitFinalCutWorkflow" */;
			developmentRegion = en;
			hasScannedForEncodings = 0;
			knownRegions = (
				Base,
				en,
			);
			mainGroup = 9A63C43CDB19090C15C26D12;
			minimizedProjectReferenceProxies = 1;
			preferredProjectObjectVersion = 77;
			productRefGroup = A783034CED75DF1DC8E44236 /* Products */;
			projectDirPath = "";
			projectRoot = "";
			targets = (
				D2F21955D0D11BB79EDBAF29 /* FramekitFinalCutWorkflow */,
				9347A1BD2241A989B370925C /* FramekitFinalCutWorkflowExtension */,
				B675F2D0DCAE33158CB27C19 /* FramekitFinalCutWorkflowCodeQL */,
			);
		};
/* End PBXProject section */

/* Begin PBXResourcesBuildPhase section */
		05C61EA9EB35C53A63EC334E /* Resources */ = {
			isa = PBXResourcesBuildPhase;
			buildActionMask = 2147483647;
			files = (
				967AA2589577CD9C54E1286F /* ProExtensionHostShim in Resources */,
			);
			runOnlyForDeploymentPostprocessing = 0;
		};
/* End PBXResourcesBuildPhase section */

/* Begin PBXSourcesBuildPhase section */
		02C6555121E8FB895960CA1A /* Sources */ = {
			isa = PBXSourcesBuildPhase;
			buildActionMask = 2147483647;
			files = (
				9750AE8F0BDBCDF6369BDDC6 /* ContainerApp.swift in Sources */,
			);
			runOnlyForDeploymentPostprocessing = 0;
		};
		340313BEA662DD3B49D14560 /* Sources */ = {
			isa = PBXSourcesBuildPhase;
			buildActionMask = 2147483647;
			files = (
				A900CB64642E66AF43B85269 /* FinalCutLiveWorkflowExtension.swift in Sources */,
			);
			runOnlyForDeploymentPostprocessing = 0;
		};
		6AFF190AEC0437374FF42810 /* Sources */ = {
			isa = PBXSourcesBuildPhase;
			buildActionMask = 2147483647;
			files = (
				74327856567AA52B112088A8 /* FinalCutLiveWorkflowExtension.swift in Sources */,
				9410B675BCED714A2321C31B /* FinalCutWorkflowExtensionShim.swift in Sources */,
			);
			runOnlyForDeploymentPostprocessing = 0;
		};
/* End PBXSourcesBuildPhase section */

/* Begin PBXTargetDependency section */
		EDDB181ADDEED5D38421D26B /* PBXTargetDependency */ = {
			isa = PBXTargetDependency;
			target = 9347A1BD2241A989B370925C /* FramekitFinalCutWorkflowExtension */;
			targetProxy = 10A3060F392255ADB105ADF7 /* PBXContainerItemProxy */;
		};
/* End PBXTargetDependency section */

/* Begin XCBuildConfiguration section */
		36C65023AF2832590065B1F6 /* Debug */ = {
			isa = XCBuildConfiguration;
			buildSettings = {
				CODE_SIGNING_ALLOWED = NO;
				CODE_SIGNING_REQUIRED = NO;
				COMBINE_HIDPI_IMAGES = YES;
				LD_RUNPATH_SEARCH_PATHS = (
					"$(inherited)",
					"@executable_path/../Frameworks",
				);
				PRODUCT_BUNDLE_IDENTIFIER = com.framekit.finalcut.workflow.codeql;
				SDKROOT = macosx;
				SKIP_INSTALL = YES;
				SWIFT_INCLUDE_PATHS = "$(SRCROOT)/ProExtensionHostShim";
				SWIFT_OBJC_INTERFACE_HEADER_NAME = "";
			};
			name = Debug;
		};
		424079014C4B2028C77DA962 /* Release */ = {
			isa = XCBuildConfiguration;
			buildSettings = {
				CODE_SIGNING_ALLOWED = YES;
				CODE_SIGNING_REQUIRED = NO;
				CODE_SIGN_ENTITLEMENTS = FinalCutWorkflowExtension.entitlements;
				CODE_SIGN_IDENTITY = "-";
				COMBINE_HIDPI_IMAGES = YES;
				ENABLE_DEBUG_DYLIB = NO;
				FRAMEWORK_SEARCH_PATHS = (
					"$(inherited)",
					"/tmp/framekit-finalcut-frameworks",
				);
				INFOPLIST_FILE = Info.plist;
				LD_RUNPATH_SEARCH_PATHS = (
					"$(inherited)",
					"/tmp/framekit-finalcut-frameworks",
					"@loader_path/../Frameworks",
				);
				OTHER_LDFLAGS = (
					"$(inherited)",
					"-e",
					_ProExtensionMain,
					"-framework",
					ProExtension,
					"-framework",
					ProExtensionHost,
				);
				PRODUCT_BUNDLE_IDENTIFIER = com.framekit.finalcut.workflow.extension;
				SDKROOT = macosx;
				SKIP_INSTALL = YES;
				SWIFT_INCLUDE_PATHS = "$(SRCROOT)/ProExtensionHostShim";
			};
			name = Release;
		};
		5DEDF0B3EAB1DFEEBF6590D4 /* Release */ = {
			isa = XCBuildConfiguration;
			buildSettings = {
				ALWAYS_SEARCH_USER_PATHS = NO;
				CLANG_ANALYZER_NONNULL = YES;
				CLANG_ANALYZER_NUMBER_OBJECT_CONVERSION = YES_AGGRESSIVE;
				CLANG_CXX_LANGUAGE_STANDARD = "gnu++14";
				CLANG_CXX_LIBRARY = "libc++";
				CLANG_ENABLE_MODULES = YES;
				CLANG_ENABLE_OBJC_ARC = YES;
				CLANG_ENABLE_OBJC_WEAK = YES;
				CLANG_WARN_BLOCK_CAPTURE_AUTORELEASING = YES;
				CLANG_WARN_BOOL_CONVERSION = YES;
				CLANG_WARN_COMMA = YES;
				CLANG_WARN_CONSTANT_CONVERSION = YES;
				CLANG_WARN_DEPRECATED_OBJC_IMPLEMENTATIONS = YES;
				CLANG_WARN_DIRECT_OBJC_ISA_USAGE = YES_ERROR;
				CLANG_WARN_DOCUMENTATION_COMMENTS = YES;
				CLANG_WARN_EMPTY_BODY = YES;
				CLANG_WARN_ENUM_CONVERSION = YES;
				CLANG_WARN_INFINITE_RECURSION = YES;
				CLANG_WARN_INT_CONVERSION = YES;
				CLANG_WARN_NON_LITERAL_NULL_CONVERSION = YES;
				CLANG_WARN_OBJC_IMPLICIT_RETAIN_SELF = YES;
				CLANG_WARN_OBJC_LITERAL_CONVERSION = YES;
				CLANG_WARN_OBJC_ROOT_CLASS = YES_ERROR;
				CLANG_WARN_QUOTED_INCLUDE_IN_FRAMEWORK_HEADER = YES;
				CLANG_WARN_RANGE_LOOP_ANALYSIS = YES;
				CLANG_WARN_STRICT_PROTOTYPES = YES;
				CLANG_WARN_SUSPICIOUS_MOVE = YES;
				CLANG_WARN_UNGUARDED_AVAILABILITY = YES_AGGRESSIVE;
				CLANG_WARN_UNREACHABLE_CODE = YES;
				CLANG_WARN__DUPLICATE_METHOD_MATCH = YES;
				COPY_PHASE_STRIP = NO;
				DEBUG_INFORMATION_FORMAT = "dwarf-with-dsym";
				ENABLE_NS_ASSERTIONS = NO;
				ENABLE_STRICT_OBJC_MSGSEND = YES;
				GCC_C_LANGUAGE_STANDARD = gnu11;
				GCC_NO_COMMON_BLOCKS = YES;
				GCC_WARN_64_TO_32_BIT_CONVERSION = YES;
				GCC_WARN_ABOUT_RETURN_TYPE = YES_ERROR;
				GCC_WARN_UNDECLARED_SELECTOR = YES;
				GCC_WARN_UNINITIALIZED_AUTOS = YES_AGGRESSIVE;
				GCC_WARN_UNUSED_FUNCTION = YES;
				GCC_WARN_UNUSED_VARIABLE = YES;
				MACOSX_DEPLOYMENT_TARGET = 15.0;
				MTL_ENABLE_DEBUG_INFO = NO;
				MTL_FAST_MATH = YES;
				PRODUCT_NAME = "$(TARGET_NAME)";
				SDKROOT = macosx;
				SWIFT_COMPILATION_MODE = wholemodule;
				SWIFT_OPTIMIZATION_LEVEL = "-O";
				SWIFT_VERSION = 5.0;
			};
			name = Release;
		};
		AC46B9A665A25D6B58F551D5 /* Debug */ = {
			isa = XCBuildConfiguration;
			buildSettings = {
				ASSETCATALOG_COMPILER_APPICON_NAME = AppIcon;
				CODE_SIGNING_ALLOWED = YES;
				CODE_SIGNING_REQUIRED = NO;
				CODE_SIGN_ENTITLEMENTS = Container/Container.entitlements;
				CODE_SIGN_IDENTITY = "-";
				COMBINE_HIDPI_IMAGES = YES;
				INFOPLIST_FILE = Container/Info.plist;
				LD_RUNPATH_SEARCH_PATHS = (
					"$(inherited)",
					"@executable_path/../Frameworks",
				);
				PRODUCT_BUNDLE_IDENTIFIER = com.framekit.finalcut.workflow;
				SDKROOT = macosx;
			};
			name = Debug;
		};
		BC3CF21303D17D9EB49E48CA /* Release */ = {
			isa = XCBuildConfiguration;
			buildSettings = {
				CODE_SIGNING_ALLOWED = NO;
				CODE_SIGNING_REQUIRED = NO;
				COMBINE_HIDPI_IMAGES = YES;
				LD_RUNPATH_SEARCH_PATHS = (
					"$(inherited)",
					"@executable_path/../Frameworks",
				);
				PRODUCT_BUNDLE_IDENTIFIER = com.framekit.finalcut.workflow.codeql;
				SDKROOT = macosx;
				SKIP_INSTALL = YES;
				SWIFT_INCLUDE_PATHS = "$(SRCROOT)/ProExtensionHostShim";
				SWIFT_OBJC_INTERFACE_HEADER_NAME = "";
			};
			name = Release;
		};
		C3B17304F6D8B972815FA50D /* Debug */ = {
			isa = XCBuildConfiguration;
			buildSettings = {
				ALWAYS_SEARCH_USER_PATHS = NO;
				CLANG_ANALYZER_NONNULL = YES;
				CLANG_ANALYZER_NUMBER_OBJECT_CONVERSION = YES_AGGRESSIVE;
				CLANG_CXX_LANGUAGE_STANDARD = "gnu++14";
				CLANG_CXX_LIBRARY = "libc++";
				CLANG_ENABLE_MODULES = YES;
				CLANG_ENABLE_OBJC_ARC = YES;
				CLANG_ENABLE_OBJC_WEAK = YES;
				CLANG_WARN_BLOCK_CAPTURE_AUTORELEASING = YES;
				CLANG_WARN_BOOL_CONVERSION = YES;
				CLANG_WARN_COMMA = YES;
				CLANG_WARN_CONSTANT_CONVERSION = YES;
				CLANG_WARN_DEPRECATED_OBJC_IMPLEMENTATIONS = YES;
				CLANG_WARN_DIRECT_OBJC_ISA_USAGE = YES_ERROR;
				CLANG_WARN_DOCUMENTATION_COMMENTS = YES;
				CLANG_WARN_EMPTY_BODY = YES;
				CLANG_WARN_ENUM_CONVERSION = YES;
				CLANG_WARN_INFINITE_RECURSION = YES;
				CLANG_WARN_INT_CONVERSION = YES;
				CLANG_WARN_NON_LITERAL_NULL_CONVERSION = YES;
				CLANG_WARN_OBJC_IMPLICIT_RETAIN_SELF = YES;
				CLANG_WARN_OBJC_LITERAL_CONVERSION = YES;
				CLANG_WARN_OBJC_ROOT_CLASS = YES_ERROR;
				CLANG_WARN_QUOTED_INCLUDE_IN_FRAMEWORK_HEADER = YES;
				CLANG_WARN_RANGE_LOOP_ANALYSIS = YES;
				CLANG_WARN_STRICT_PROTOTYPES = YES;
				CLANG_WARN_SUSPICIOUS_MOVE = YES;
				CLANG_WARN_UNGUARDED_AVAILABILITY = YES_AGGRESSIVE;
				CLANG_WARN_UNREACHABLE_CODE = YES;
				CLANG_WARN__DUPLICATE_METHOD_MATCH = YES;
				COPY_PHASE_STRIP = NO;
				DEBUG_INFORMATION_FORMAT = dwarf;
				ENABLE_STRICT_OBJC_MSGSEND = YES;
				ENABLE_TESTABILITY = YES;
				GCC_C_LANGUAGE_STANDARD = gnu11;
				GCC_DYNAMIC_NO_PIC = NO;
				GCC_NO_COMMON_BLOCKS = YES;
				GCC_OPTIMIZATION_LEVEL = 0;
				GCC_PREPROCESSOR_DEFINITIONS = (
					"$(inherited)",
					"DEBUG=1",
				);
				GCC_WARN_64_TO_32_BIT_CONVERSION = YES;
				GCC_WARN_ABOUT_RETURN_TYPE = YES_ERROR;
				GCC_WARN_UNDECLARED_SELECTOR = YES;
				GCC_WARN_UNINITIALIZED_AUTOS = YES_AGGRESSIVE;
				GCC_WARN_UNUSED_FUNCTION = YES;
				GCC_WARN_UNUSED_VARIABLE = YES;
				MACOSX_DEPLOYMENT_TARGET = 15.0;
				MTL_ENABLE_DEBUG_INFO = INCLUDE_SOURCE;
				MTL_FAST_MATH = YES;
				ONLY_ACTIVE_ARCH = YES;
				PRODUCT_NAME = "$(TARGET_NAME)";
				SDKROOT = macosx;
				SWIFT_ACTIVE_COMPILATION_CONDITIONS = DEBUG;
				SWIFT_OPTIMIZATION_LEVEL = "-Onone";
				SWIFT_VERSION = 5.0;
			};
			name = Debug;
		};
		DA0545EC009AA218A80B38BC /* Debug */ = {
			isa = XCBuildConfiguration;
			buildSettings = {
				CODE_SIGNING_ALLOWED = YES;
				CODE_SIGNING_REQUIRED = NO;
				CODE_SIGN_ENTITLEMENTS = FinalCutWorkflowExtension.entitlements;
				CODE_SIGN_IDENTITY = "-";
				COMBINE_HIDPI_IMAGES = YES;
				ENABLE_DEBUG_DYLIB = NO;
				FRAMEWORK_SEARCH_PATHS = (
					"$(inherited)",
					"/tmp/framekit-finalcut-frameworks",
				);
				INFOPLIST_FILE = Info.plist;
				LD_RUNPATH_SEARCH_PATHS = (
					"$(inherited)",
					"/tmp/framekit-finalcut-frameworks",
					"@loader_path/../Frameworks",
				);
				OTHER_LDFLAGS = (
					"$(inherited)",
					"-e",
					_ProExtensionMain,
					"-framework",
					ProExtension,
					"-framework",
					ProExtensionHost,
				);
				PRODUCT_BUNDLE_IDENTIFIER = com.framekit.finalcut.workflow.extension;
				SDKROOT = macosx;
				SKIP_INSTALL = YES;
				SWIFT_INCLUDE_PATHS = "$(SRCROOT)/ProExtensionHostShim";
			};
			name = Debug;
		};
		F2068612F8BD2697C6A6B2FB /* Release */ = {
			isa = XCBuildConfiguration;
			buildSettings = {
				ASSETCATALOG_COMPILER_APPICON_NAME = AppIcon;
				CODE_SIGNING_ALLOWED = YES;
				CODE_SIGNING_REQUIRED = NO;
				CODE_SIGN_ENTITLEMENTS = Container/Container.entitlements;
				CODE_SIGN_IDENTITY = "-";
				COMBINE_HIDPI_IMAGES = YES;
				INFOPLIST_FILE = Container/Info.plist;
				LD_RUNPATH_SEARCH_PATHS = (
					"$(inherited)",
					"@executable_path/../Frameworks",
				);
				PRODUCT_BUNDLE_IDENTIFIER = com.framekit.finalcut.workflow;
				SDKROOT = macosx;
			};
			name = Release;
		};
/* End XCBuildConfiguration section */

/* Begin XCConfigurationList section */
		09A59B84B9BA624A20C0773D /* Build configuration list for PBXNativeTarget "FramekitFinalCutWorkflow" */ = {
			isa = XCConfigurationList;
			buildConfigurations = (
				AC46B9A665A25D6B58F551D5 /* Debug */,
				F2068612F8BD2697C6A6B2FB /* Release */,
			);
			defaultConfigurationIsVisible = 0;
			defaultConfigurationName = Debug;
		};
		607D2D400BED4E2A4680DE68 /* Build configuration list for PBXProject "FramekitFinalCutWorkflow" */ = {
			isa = XCConfigurationList;
			buildConfigurations = (
				C3B17304F6D8B972815FA50D /* Debug */,
				5DEDF0B3EAB1DFEEBF6590D4 /* Release */,
			);
			defaultConfigurationIsVisible = 0;
			defaultConfigurationName = Debug;
		};
		73FB79082B0A5F8A7714EAEF /* Build configuration list for PBXNativeTarget "FramekitFinalCutWorkflowCodeQL" */ = {
			isa = XCConfigurationList;
			buildConfigurations = (
				36C65023AF2832590065B1F6 /* Debug */,
				BC3CF21303D17D9EB49E48CA /* Release */,
			);
			defaultConfigurationIsVisible = 0;
			defaultConfigurationName = Debug;
		};
		F3D64E08B3D56C3FC0D9AD97 /* Build configuration list for PBXNativeTarget "FramekitFinalCutWorkflowExtension" */ = {
			isa = XCConfigurationList;
			buildConfigurations = (
				DA0545EC009AA218A80B38BC /* Debug */,
				424079014C4B2028C77DA962 /* Release */,
			);
			defaultConfigurationIsVisible = 0;
			defaultConfigurationName = Debug;
		};
/* End XCConfigurationList section */
	};
	rootObject = ECAC6C945D08514F07A1AA4E /* Project object */;
}
